
Microsoft Visual Studio Solution File, Format Version 12.00
# Visual Studio Version 16
VisualStudioVersion = 16.0.29025.244
MinimumVisualStudioVersion = 10.0.40219.1
Project("{FAE04EC0-301F-11D3-BF4B-00C04F79EFBC}") = "GitControl", "GitControl\GitControl.csproj", "{C605A502-D741-4175-9D1C-8032782C2DF6}"
EndProject
Global
	GlobalSection(SolutionConfigurationPlatforms) = preSolution
		Debug|Any CPU = Debug|Any CPU
		Release|Any CPU = Release|Any CPU
	EndGlobalSection
	GlobalSection(ProjectConfigurationPlatforms) = postSolution
		{C605A502-D741-4175-9D1C-8032782C2DF6}.Debug|Any CPU.ActiveCfg = Debug|Any CPU
		{C605A502-D741-4175-9D1C-8032782C2DF6}.Debug|Any CPU.Build.0 = Debug|Any CPU
		{C605A502-D741-4175-9D1C-8032782C2DF6}.Release|Any CPU.ActiveCfg = Release|Any CPU
		{C605A502-D741-4175-9D1C-8032782C2DF6}.Release|Any CPU.Build.0 = Release|Any CPU
	EndGlobalSection
	GlobalSection(SolutionProperties) = preSolution
		HideSolutionNode = FALSE
	EndGlobalSection
	GlobalSection(ExtensibilityGlobals) = postSolution
		SolutionGuid = {49BFE743-9E35-47B8-90B3-BEF31E8020DC}
	EndGlobalSection
EndGlobal
